
Microsoft Visual Studio Solution File, Format Version 12.00
# Visual Studio Version 17
VisualStudioVersion = 17.5.33502.453
MinimumVisualStudioVersion = 10.0.40219.1
Project("{9A19103F-16F7-4668-BE54-9A1E7A4F7556}") = "SmallApplications_Blazor", "SmallApplications_Blazor\SmallApplications_Blazor.csproj", "{17E7A3F6-F348-458D-AA89-3C13179D8633}"
EndProject
Global
	GlobalSection(SolutionConfigurationPlatforms) = preSolution
		Debug|Any CPU = Debug|Any CPU
		Release|Any CPU = Release|Any CPU
	EndGlobalSection
	GlobalSection(ProjectConfigurationPlatforms) = postSolution
		{17E7A3F6-F348-458D-AA89-3C13179D8633}.Debug|Any CPU.ActiveCfg = Debug|Any CPU
		{17E7A3F6-F348-458D-AA89-3C13179D8633}.Debug|Any CPU.Build.0 = Debug|Any CPU
		{17E7A3F6-F348-458D-AA89-3C13179D8633}.Release|Any CPU.ActiveCfg = Release|Any CPU
		{17E7A3F6-F348-458D-AA89-3C13179D8633}.Release|Any CPU.Build.0 = Release|Any CPU
	EndGlobalSection
	GlobalSection(SolutionProperties) = preSolution
		HideSolutionNode = FALSE
	EndGlobalSection
	GlobalSection(ExtensibilityGlobals) = postSolution
		SolutionGuid = {259EB431-B5E3-44EC-A07F-12B6AD83D6F0}
	EndGlobalSection
EndGlobal
