
Microsoft Visual Studio Solution File, Format Version 12.00
# Visual Studio Version 17
VisualStudioVersion = 17.0.31717.71
MinimumVisualStudioVersion = 10.0.40219.1
Project("{9A19103F-16F7-4668-BE54-9A1E7A4F7556}") = "SmallApplications_Blazor", "SmallApplications_Blazor.csproj", "{0ED36F55-91C5-4EB4-8C99-1A2D20723AE1}"
EndProject
Global
	GlobalSection(SolutionConfigurationPlatforms) = preSolution
		Debug|Any CPU = Debug|Any CPU
		Release|Any CPU = Release|Any CPU
	EndGlobalSection
	GlobalSection(ProjectConfigurationPlatforms) = postSolution
		{0ED36F55-91C5-4EB4-8C99-1A2D20723AE1}.Debug|Any CPU.ActiveCfg = Debug|Any CPU
		{0ED36F55-91C5-4EB4-8C99-1A2D20723AE1}.Debug|Any CPU.Build.0 = Debug|Any CPU
		{0ED36F55-91C5-4EB4-8C99-1A2D20723AE1}.Release|Any CPU.ActiveCfg = Release|Any CPU
		{0ED36F55-91C5-4EB4-8C99-1A2D20723AE1}.Release|Any CPU.Build.0 = Release|Any CPU
	EndGlobalSection
	GlobalSection(SolutionProperties) = preSolution
		HideSolutionNode = FALSE
	EndGlobalSection
	GlobalSection(ExtensibilityGlobals) = postSolution
		SolutionGuid = {68A27F19-A785-40F9-BD66-C5D141000491}
	EndGlobalSection
EndGlobal